
Microsoft Visual Studio Solution File, Format Version 12.00
# Visual Studio Version 16
VisualStudioVersion = 16.0.35425.106
MinimumVisualStudioVersion = 10.0.40219.1
Project("{9A19103F-16F7-4668-BE54-9A1E7A4F7556}") = "Deck", "Deck\Deck.csproj", "{29FC34B1-D628-4C9C-97AB-40DD7610DB2B}"
EndProject
Project("{2150E333-8FDC-42A3-9474-1A3956D46DE8}") = "Solution Items", "Solution Items", "{F5BABD99-F2FF-4F49-B282-E3593FE953FC}"
	ProjectSection(SolutionItems) = preProject
		..\.editorconfig = ..\.editorconfig
		..\.gitignore = ..\.gitignore
		..\Directory.Build.props = ..\Directory.Build.props
		global.json = global.json
		..\..\LICENSE = ..\..\LICENSE
		..\..\README.md = ..\..\README.md
	EndProjectSection
EndProject
Project("{9A19103F-16F7-4668-BE54-9A1E7A4F7556}") = "DeckTests", "DeckTests\DeckTests.csproj", "{DD5E04D0-C362-4A52-8F05-182C7862C79D}"
EndProject
Project("{9A19103F-16F7-4668-BE54-9A1E7A4F7556}") = "Game", "Game\Game.csproj", "{D0733111-7FF3-4798-AF1F-874BE4588B42}"
EndProject
Project("{9A19103F-16F7-4668-BE54-9A1E7A4F7556}") = "GameTests", "GameTests\GameTests.csproj", "{8185FE1E-EAA5-4686-80CA-AC33A6B0DD25}"
EndProject
Project("{9A19103F-16F7-4668-BE54-9A1E7A4F7556}") = "Klondike", "Klondike\Klondike.csproj", "{425C8FB8-3C99-4338-A87C-0B63D4628794}"
EndProject
Project("{9A19103F-16F7-4668-BE54-9A1E7A4F7556}") = "KlondikeTests", "KlondikeTests\KlondikeTests.csproj", "{A622C247-1F67-42B1-B073-E80FFDCEFF29}"
EndProject
Project("{9A19103F-16F7-4668-BE54-9A1E7A4F7556}") = "Runner", "Runner\Runner.csproj", "{FD00D449-7B3B-459E-98F1-D749C73AADBC}"
EndProject
Project("{2150E333-8FDC-42A3-9474-1A3956D46DE8}") = ".github", ".github", "{5B9E2160-414D-4E16-AC1C-D201A9F52633}"
EndProject
Project("{2150E333-8FDC-42A3-9474-1A3956D46DE8}") = "workflows", "workflows", "{3093DC82-990C-433F-9A66-40C27A430687}"
	ProjectSection(SolutionItems) = preProject
		..\..\.github\workflows\push-branch.yaml = ..\..\.github\workflows\push-branch.yaml
		..\..\.github\workflows\run-dotnet.yaml = ..\..\.github\workflows\run-dotnet.yaml
		..\..\.github\workflows\run-maven.yaml = ..\..\.github\workflows\run-maven.yaml
		..\..\.github\workflows\run-msbuild.yaml = ..\..\.github\workflows\run-msbuild.yaml
	EndProjectSection
EndProject
Global
	GlobalSection(SolutionConfigurationPlatforms) = preSolution
		Debug|Any CPU = Debug|Any CPU
		Release|Any CPU = Release|Any CPU
	EndGlobalSection
	GlobalSection(ProjectConfigurationPlatforms) = postSolution
		{29FC34B1-D628-4C9C-97AB-40DD7610DB2B}.Debug|Any CPU.ActiveCfg = Debug|Any CPU
		{29FC34B1-D628-4C9C-97AB-40DD7610DB2B}.Debug|Any CPU.Build.0 = Debug|Any CPU
		{29FC34B1-D628-4C9C-97AB-40DD7610DB2B}.Release|Any CPU.ActiveCfg = Release|Any CPU
		{29FC34B1-D628-4C9C-97AB-40DD7610DB2B}.Release|Any CPU.Build.0 = Release|Any CPU
		{DD5E04D0-C362-4A52-8F05-182C7862C79D}.Debug|Any CPU.ActiveCfg = Debug|Any CPU
		{DD5E04D0-C362-4A52-8F05-182C7862C79D}.Debug|Any CPU.Build.0 = Debug|Any CPU
		{DD5E04D0-C362-4A52-8F05-182C7862C79D}.Release|Any CPU.ActiveCfg = Release|Any CPU
		{DD5E04D0-C362-4A52-8F05-182C7862C79D}.Release|Any CPU.Build.0 = Release|Any CPU
		{D0733111-7FF3-4798-AF1F-874BE4588B42}.Debug|Any CPU.ActiveCfg = Debug|Any CPU
		{D0733111-7FF3-4798-AF1F-874BE4588B42}.Debug|Any CPU.Build.0 = Debug|Any CPU
		{D0733111-7FF3-4798-AF1F-874BE4588B42}.Release|Any CPU.ActiveCfg = Release|Any CPU
		{D0733111-7FF3-4798-AF1F-874BE4588B42}.Release|Any CPU.Build.0 = Release|Any CPU
		{8185FE1E-EAA5-4686-80CA-AC33A6B0DD25}.Debug|Any CPU.ActiveCfg = Debug|Any CPU
		{8185FE1E-EAA5-4686-80CA-AC33A6B0DD25}.Debug|Any CPU.Build.0 = Debug|Any CPU
		{8185FE1E-EAA5-4686-80CA-AC33A6B0DD25}.Release|Any CPU.ActiveCfg = Release|Any CPU
		{8185FE1E-EAA5-4686-80CA-AC33A6B0DD25}.Release|Any CPU.Build.0 = Release|Any CPU
		{425C8FB8-3C99-4338-A87C-0B63D4628794}.Debug|Any CPU.ActiveCfg = Debug|Any CPU
		{425C8FB8-3C99-4338-A87C-0B63D4628794}.Debug|Any CPU.Build.0 = Debug|Any CPU
		{425C8FB8-3C99-4338-A87C-0B63D4628794}.Release|Any CPU.ActiveCfg = Release|Any CPU
		{425C8FB8-3C99-4338-A87C-0B63D4628794}.Release|Any CPU.Build.0 = Release|Any CPU
		{A622C247-1F67-42B1-B073-E80FFDCEFF29}.Debug|Any CPU.ActiveCfg = Debug|Any CPU
		{A622C247-1F67-42B1-B073-E80FFDCEFF29}.Debug|Any CPU.Build.0 = Debug|Any CPU
		{A622C247-1F67-42B1-B073-E80FFDCEFF29}.Release|Any CPU.ActiveCfg = Release|Any CPU
		{A622C247-1F67-42B1-B073-E80FFDCEFF29}.Release|Any CPU.Build.0 = Release|Any CPU
		{FD00D449-7B3B-459E-98F1-D749C73AADBC}.Debug|Any CPU.ActiveCfg = Debug|Any CPU
		{FD00D449-7B3B-459E-98F1-D749C73AADBC}.Debug|Any CPU.Build.0 = Debug|Any CPU
		{FD00D449-7B3B-459E-98F1-D749C73AADBC}.Release|Any CPU.ActiveCfg = Release|Any CPU
		{FD00D449-7B3B-459E-98F1-D749C73AADBC}.Release|Any CPU.Build.0 = Release|Any CPU
	EndGlobalSection
	GlobalSection(SolutionProperties) = preSolution
		HideSolutionNode = FALSE
	EndGlobalSection
	GlobalSection(NestedProjects) = preSolution
		{5B9E2160-414D-4E16-AC1C-D201A9F52633} = {F5BABD99-F2FF-4F49-B282-E3593FE953FC}
		{3093DC82-990C-433F-9A66-40C27A430687} = {5B9E2160-414D-4E16-AC1C-D201A9F52633}
	EndGlobalSection
	GlobalSection(ExtensibilityGlobals) = postSolution
		SolutionGuid = {54EF8319-F76E-4B92-845F-F6819B09855A}
	EndGlobalSection
EndGlobal
