
Microsoft Visual Studio Solution File, Format Version 12.00
# Visual Studio Version 16
VisualStudioVersion = 16.0.35425.106
MinimumVisualStudioVersion = 10.0.40219.1
Project("{8BC9CEB8-8B4A-11D0-8D11-00A0C91BC942}") = "Deck", "Deck\Deck.vcxproj", "{5DE26D1A-3EAF-498C-924B-087B0C10F66D}"
EndProject
Project("{2150E333-8FDC-42A3-9474-1A3956D46DE8}") = "Solution Items", "Solution Items", "{7765DA60-ABFA-4F3A-9CF7-E6DFFFFA4334}"
	ProjectSection(SolutionItems) = preProject
		..\.editorconfig = ..\.editorconfig
		..\.gitignore = ..\.gitignore
		..\Directory.Build.props = ..\Directory.Build.props
		..\..\LICENSE = ..\..\LICENSE
		..\..\README.md = ..\..\README.md
	EndProjectSection
EndProject
Project("{8BC9CEB8-8B4A-11D0-8D11-00A0C91BC942}") = "Game", "Game\Game.vcxproj", "{0EECF064-8387-47B4-80EC-B4681B5FF3AE}"
EndProject
Project("{8BC9CEB8-8B4A-11D0-8D11-00A0C91BC942}") = "GameTests", "GameTests\GameTests.vcxproj", "{2746B30B-55AC-4800-8192-899EB30A6C0B}"
EndProject
Project("{8BC9CEB8-8B4A-11D0-8D11-00A0C91BC942}") = "DeckTests", "DeckTests\DeckTests.vcxproj", "{47B1562B-1EEB-4690-887E-DD448A25E525}"
EndProject
Project("{8BC9CEB8-8B4A-11D0-8D11-00A0C91BC942}") = "TicTacToe", "TicTacToe\TicTacToe.vcxproj", "{27F0D5F0-8D3B-4ED7-9FF8-77CDE15EA82E}"
EndProject
Project("{8BC9CEB8-8B4A-11D0-8D11-00A0C91BC942}") = "Klondike", "Klondike\Klondike.vcxproj", "{62B53FA7-1138-49F0-B87F-904747120F69}"
EndProject
Project("{8BC9CEB8-8B4A-11D0-8D11-00A0C91BC942}") = "KlondikeTests", "KlondikeTests\KlondikeTests.vcxproj", "{15B135C2-A0A1-42F5-8B5A-007B39199335}"
EndProject
Project("{8BC9CEB8-8B4A-11D0-8D11-00A0C91BC942}") = "Runner", "Runner\Runner.vcxproj", "{7B0AAADF-C6F7-47E9-BE8D-46FD87B0C430}"
EndProject
Project("{2150E333-8FDC-42A3-9474-1A3956D46DE8}") = ".github", ".github", "{0ACDF298-8FFF-4966-8C4A-E89A68D908F7}"
EndProject
Project("{2150E333-8FDC-42A3-9474-1A3956D46DE8}") = "workflows", "workflows", "{56A1F796-A5ED-4AD4-A1C5-6739F2B9F8D1}"
	ProjectSection(SolutionItems) = preProject
		..\..\.github\workflows\push-branch.yaml = ..\..\.github\workflows\push-branch.yaml
		..\..\.github\workflows\run-dotnet.yaml = ..\..\.github\workflows\run-dotnet.yaml
		..\..\.github\workflows\run-maven.yaml = ..\..\.github\workflows\run-maven.yaml
		..\..\.github\workflows\run-msbuild.yaml = ..\..\.github\workflows\run-msbuild.yaml
	EndProjectSection
EndProject
Global
	GlobalSection(SolutionConfigurationPlatforms) = preSolution
		Debug|x64 = Debug|x64
		Debug|x86 = Debug|x86
		Release|x64 = Release|x64
		Release|x86 = Release|x86
	EndGlobalSection
	GlobalSection(ProjectConfigurationPlatforms) = postSolution
		{5DE26D1A-3EAF-498C-924B-087B0C10F66D}.Debug|x64.ActiveCfg = Debug|x64
		{5DE26D1A-3EAF-498C-924B-087B0C10F66D}.Debug|x64.Build.0 = Debug|x64
		{5DE26D1A-3EAF-498C-924B-087B0C10F66D}.Debug|x86.ActiveCfg = Debug|Win32
		{5DE26D1A-3EAF-498C-924B-087B0C10F66D}.Debug|x86.Build.0 = Debug|Win32
		{5DE26D1A-3EAF-498C-924B-087B0C10F66D}.Release|x64.ActiveCfg = Release|x64
		{5DE26D1A-3EAF-498C-924B-087B0C10F66D}.Release|x64.Build.0 = Release|x64
		{5DE26D1A-3EAF-498C-924B-087B0C10F66D}.Release|x86.ActiveCfg = Release|Win32
		{5DE26D1A-3EAF-498C-924B-087B0C10F66D}.Release|x86.Build.0 = Release|Win32
		{0EECF064-8387-47B4-80EC-B4681B5FF3AE}.Debug|x64.ActiveCfg = Debug|x64
		{0EECF064-8387-47B4-80EC-B4681B5FF3AE}.Debug|x64.Build.0 = Debug|x64
		{0EECF064-8387-47B4-80EC-B4681B5FF3AE}.Debug|x86.ActiveCfg = Debug|Win32
		{0EECF064-8387-47B4-80EC-B4681B5FF3AE}.Debug|x86.Build.0 = Debug|Win32
		{0EECF064-8387-47B4-80EC-B4681B5FF3AE}.Release|x64.ActiveCfg = Release|x64
		{0EECF064-8387-47B4-80EC-B4681B5FF3AE}.Release|x64.Build.0 = Release|x64
		{0EECF064-8387-47B4-80EC-B4681B5FF3AE}.Release|x86.ActiveCfg = Release|Win32
		{0EECF064-8387-47B4-80EC-B4681B5FF3AE}.Release|x86.Build.0 = Release|Win32
		{2746B30B-55AC-4800-8192-899EB30A6C0B}.Debug|x64.ActiveCfg = Debug|x64
		{2746B30B-55AC-4800-8192-899EB30A6C0B}.Debug|x64.Build.0 = Debug|x64
		{2746B30B-55AC-4800-8192-899EB30A6C0B}.Debug|x86.ActiveCfg = Debug|Win32
		{2746B30B-55AC-4800-8192-899EB30A6C0B}.Debug|x86.Build.0 = Debug|Win32
		{2746B30B-55AC-4800-8192-899EB30A6C0B}.Release|x64.ActiveCfg = Release|x64
		{2746B30B-55AC-4800-8192-899EB30A6C0B}.Release|x64.Build.0 = Release|x64
		{2746B30B-55AC-4800-8192-899EB30A6C0B}.Release|x86.ActiveCfg = Release|Win32
		{2746B30B-55AC-4800-8192-899EB30A6C0B}.Release|x86.Build.0 = Release|Win32
		{47B1562B-1EEB-4690-887E-DD448A25E525}.Debug|x64.ActiveCfg = Debug|x64
		{47B1562B-1EEB-4690-887E-DD448A25E525}.Debug|x64.Build.0 = Debug|x64
		{47B1562B-1EEB-4690-887E-DD448A25E525}.Debug|x86.ActiveCfg = Debug|Win32
		{47B1562B-1EEB-4690-887E-DD448A25E525}.Debug|x86.Build.0 = Debug|Win32
		{47B1562B-1EEB-4690-887E-DD448A25E525}.Release|x64.ActiveCfg = Release|x64
		{47B1562B-1EEB-4690-887E-DD448A25E525}.Release|x64.Build.0 = Release|x64
		{47B1562B-1EEB-4690-887E-DD448A25E525}.Release|x86.ActiveCfg = Release|Win32
		{47B1562B-1EEB-4690-887E-DD448A25E525}.Release|x86.Build.0 = Release|Win32
		{27F0D5F0-8D3B-4ED7-9FF8-77CDE15EA82E}.Debug|x64.ActiveCfg = Debug|x64
		{27F0D5F0-8D3B-4ED7-9FF8-77CDE15EA82E}.Debug|x64.Build.0 = Debug|x64
		{27F0D5F0-8D3B-4ED7-9FF8-77CDE15EA82E}.Debug|x86.ActiveCfg = Debug|Win32
		{27F0D5F0-8D3B-4ED7-9FF8-77CDE15EA82E}.Debug|x86.Build.0 = Debug|Win32
		{27F0D5F0-8D3B-4ED7-9FF8-77CDE15EA82E}.Release|x64.ActiveCfg = Release|x64
		{27F0D5F0-8D3B-4ED7-9FF8-77CDE15EA82E}.Release|x64.Build.0 = Release|x64
		{27F0D5F0-8D3B-4ED7-9FF8-77CDE15EA82E}.Release|x86.ActiveCfg = Release|Win32
		{27F0D5F0-8D3B-4ED7-9FF8-77CDE15EA82E}.Release|x86.Build.0 = Release|Win32
		{62B53FA7-1138-49F0-B87F-904747120F69}.Debug|x64.ActiveCfg = Debug|x64
		{62B53FA7-1138-49F0-B87F-904747120F69}.Debug|x64.Build.0 = Debug|x64
		{62B53FA7-1138-49F0-B87F-904747120F69}.Debug|x86.ActiveCfg = Debug|Win32
		{62B53FA7-1138-49F0-B87F-904747120F69}.Debug|x86.Build.0 = Debug|Win32
		{62B53FA7-1138-49F0-B87F-904747120F69}.Release|x64.ActiveCfg = Release|x64
		{62B53FA7-1138-49F0-B87F-904747120F69}.Release|x64.Build.0 = Release|x64
		{62B53FA7-1138-49F0-B87F-904747120F69}.Release|x86.ActiveCfg = Release|Win32
		{62B53FA7-1138-49F0-B87F-904747120F69}.Release|x86.Build.0 = Release|Win32
		{15B135C2-A0A1-42F5-8B5A-007B39199335}.Debug|x64.ActiveCfg = Debug|x64
		{15B135C2-A0A1-42F5-8B5A-007B39199335}.Debug|x64.Build.0 = Debug|x64
		{15B135C2-A0A1-42F5-8B5A-007B39199335}.Debug|x86.ActiveCfg = Debug|Win32
		{15B135C2-A0A1-42F5-8B5A-007B39199335}.Debug|x86.Build.0 = Debug|Win32
		{15B135C2-A0A1-42F5-8B5A-007B39199335}.Release|x64.ActiveCfg = Release|x64
		{15B135C2-A0A1-42F5-8B5A-007B39199335}.Release|x64.Build.0 = Release|x64
		{15B135C2-A0A1-42F5-8B5A-007B39199335}.Release|x86.ActiveCfg = Release|Win32
		{15B135C2-A0A1-42F5-8B5A-007B39199335}.Release|x86.Build.0 = Release|Win32
		{7B0AAADF-C6F7-47E9-BE8D-46FD87B0C430}.Debug|x64.ActiveCfg = Debug|x64
		{7B0AAADF-C6F7-47E9-BE8D-46FD87B0C430}.Debug|x64.Build.0 = Debug|x64
		{7B0AAADF-C6F7-47E9-BE8D-46FD87B0C430}.Debug|x86.ActiveCfg = Debug|Win32
		{7B0AAADF-C6F7-47E9-BE8D-46FD87B0C430}.Debug|x86.Build.0 = Debug|Win32
		{7B0AAADF-C6F7-47E9-BE8D-46FD87B0C430}.Release|x64.ActiveCfg = Release|x64
		{7B0AAADF-C6F7-47E9-BE8D-46FD87B0C430}.Release|x64.Build.0 = Release|x64
		{7B0AAADF-C6F7-47E9-BE8D-46FD87B0C430}.Release|x86.ActiveCfg = Release|Win32
		{7B0AAADF-C6F7-47E9-BE8D-46FD87B0C430}.Release|x86.Build.0 = Release|Win32
	EndGlobalSection
	GlobalSection(SolutionProperties) = preSolution
		HideSolutionNode = FALSE
	EndGlobalSection
	GlobalSection(NestedProjects) = preSolution
		{0ACDF298-8FFF-4966-8C4A-E89A68D908F7} = {7765DA60-ABFA-4F3A-9CF7-E6DFFFFA4334}
		{56A1F796-A5ED-4AD4-A1C5-6739F2B9F8D1} = {0ACDF298-8FFF-4966-8C4A-E89A68D908F7}
	EndGlobalSection
	GlobalSection(ExtensibilityGlobals) = postSolution
		SolutionGuid = {8911710A-BF8D-4911-BDEA-F713F0B0A265}
	EndGlobalSection
EndGlobal
